<Solution><Folder Name="/src/"><Project Path="src/BrighterTools.ColourMath/BrighterTools.ColourMath.csproj" /><Project Path="src/BrighterTools.MauiColourChooser/BrighterTools.MauiColourChooser.csproj" /></Folder><Folder Name="/tests/"><Project Path="tests/BrighterTools.ColourMath.Tests/BrighterTools.ColourMath.Tests.csproj" /></Folder><Folder Name="/samples/"><Project Path="samples/ChooserDemo/ChooserDemo.csproj" /></Folder></Solution>